
Microsoft Visual Studio Solution File, Format Version 12.00
# Visual Studio Version 17
VisualStudioVersion = 17.4.33122.133
MinimumVisualStudioVersion = 10.0.40219.1
Project("{FAE04EC0-301F-11D3-BF4B-00C04F79EFBC}") = "TrackingAnimal", "TrackingAnimal\TrackingAnimal.csproj", "{44438869-F8C1-4D8F-A234-E896CD98A952}"
EndProject
Global
	GlobalSection(SolutionConfigurationPlatforms) = preSolution
		Debug|Any CPU = Debug|Any CPU
		Release|Any CPU = Release|Any CPU
	EndGlobalSection
	GlobalSection(ProjectConfigurationPlatforms) = postSolution
		{44438869-F8C1-4D8F-A234-E896CD98A952}.Debug|Any CPU.ActiveCfg = Debug|Any CPU
		{44438869-F8C1-4D8F-A234-E896CD98A952}.Debug|Any CPU.Build.0 = Debug|Any CPU
		{44438869-F8C1-4D8F-A234-E896CD98A952}.Release|Any CPU.ActiveCfg = Release|Any CPU
		{44438869-F8C1-4D8F-A234-E896CD98A952}.Release|Any CPU.Build.0 = Release|Any CPU
	EndGlobalSection
	GlobalSection(SolutionProperties) = preSolution
		HideSolutionNode = FALSE
	EndGlobalSection
	GlobalSection(ExtensibilityGlobals) = postSolution
		SolutionGuid = {1A34634C-6131-419D-B836-254D73AC18B9}
	EndGlobalSection
EndGlobal
